
Microsoft Visual Studio Solution File, Format Version 12.00
# Visual Studio 15
VisualStudioVersion = 15.0.28010.2036
MinimumVisualStudioVersion = 10.0.40219.1
Project("{FAE04EC0-301F-11D3-BF4B-00C04F79EFBC}") = "fomka-web", "fomka-web\fomka-web.csproj", "{EB056A6C-C060-40AA-B0B2-F6914495CA24}"
EndProject
Project("{2150E333-8FDC-42A3-9474-1A3956D46DE8}") = "DbSetup", "DbSetup", "{F78BC3B8-F3D0-48F5-888A-921C8B2E2854}"
	ProjectSection(SolutionItems) = preProject
		Seed.sql = Seed.sql
		setup.sql = setup.sql
	EndProjectSection
EndProject
Global
	GlobalSection(SolutionConfigurationPlatforms) = preSolution
		Debug|Any CPU = Debug|Any CPU
		Release|Any CPU = Release|Any CPU
	EndGlobalSection
	GlobalSection(ProjectConfigurationPlatforms) = postSolution
		{EB056A6C-C060-40AA-B0B2-F6914495CA24}.Debug|Any CPU.ActiveCfg = Debug|Any CPU
		{EB056A6C-C060-40AA-B0B2-F6914495CA24}.Debug|Any CPU.Build.0 = Debug|Any CPU
		{EB056A6C-C060-40AA-B0B2-F6914495CA24}.Release|Any CPU.ActiveCfg = Release|Any CPU
		{EB056A6C-C060-40AA-B0B2-F6914495CA24}.Release|Any CPU.Build.0 = Release|Any CPU
	EndGlobalSection
	GlobalSection(SolutionProperties) = preSolution
		HideSolutionNode = FALSE
	EndGlobalSection
	GlobalSection(ExtensibilityGlobals) = postSolution
		SolutionGuid = {6E7A7A82-08C4-4E2D-9A08-2825D155FC5C}
	EndGlobalSection
EndGlobal
